
Microsoft Visual Studio Solution File, Format Version 12.00
# Visual Studio Version 16
VisualStudioVersion = 16.0.31410.357
MinimumVisualStudioVersion = 10.0.40219.1
Project("{FAE04EC0-301F-11D3-BF4B-00C04F79EFBC}") = "Lab4_5_6", "Lab4_5_6\Lab4_5_6.csproj", "{5F5D44B2-A88F-4B97-94C1-0434406DD008}"
EndProject
Global
	GlobalSection(SolutionConfigurationPlatforms) = preSolution
		Debug|Any CPU = Debug|Any CPU
		Release|Any CPU = Release|Any CPU
	EndGlobalSection
	GlobalSection(ProjectConfigurationPlatforms) = postSolution
		{5F5D44B2-A88F-4B97-94C1-0434406DD008}.Debug|Any CPU.ActiveCfg = Debug|Any CPU
		{5F5D44B2-A88F-4B97-94C1-0434406DD008}.Debug|Any CPU.Build.0 = Debug|Any CPU
		{5F5D44B2-A88F-4B97-94C1-0434406DD008}.Release|Any CPU.ActiveCfg = Release|Any CPU
		{5F5D44B2-A88F-4B97-94C1-0434406DD008}.Release|Any CPU.Build.0 = Release|Any CPU
	EndGlobalSection
	GlobalSection(SolutionProperties) = preSolution
		HideSolutionNode = FALSE
	EndGlobalSection
	GlobalSection(ExtensibilityGlobals) = postSolution
		SolutionGuid = {F62E0D08-96C7-4BA8-BEF1-8ECA60102EBE}
	EndGlobalSection
EndGlobal
